
Microsoft Visual Studio Solution File, Format Version 12.00
# Visual Studio 14
VisualStudioVersion = 14.0.25420.1
MinimumVisualStudioVersion = 10.0.40219.1
Project("{FAE04EC0-301F-11D3-BF4B-00C04F79EFBC}") = "Pro.Lib", "Lib\Pro.Lib\Pro.Lib.csproj", "{B84526D5-435E-4D56-B323-DBFFAFE54940}"
EndProject
Project("{FAE04EC0-301F-11D3-BF4B-00C04F79EFBC}") = "Pro.Mvc", "Pro.Mvc\Pro.Mvc.csproj", "{43CF0604-345F-4928-A7F5-5D3DBF80A25C}"
EndProject
Project("{FAE04EC0-301F-11D3-BF4B-00C04F79EFBC}") = "Pro.Console", "Lib\Pro.Console\Pro.Console.csproj", "{876CABD0-CD03-4C4D-8AE5-2F0DE3AE0C6F}"
EndProject
Project("{FAE04EC0-301F-11D3-BF4B-00C04F79EFBC}") = "Pro.Uploader", "Pro.Uploader\Pro.Uploader.csproj", "{A1385B74-DBDB-4DE2-88D4-015AABB15A11}"
EndProject
Project("{FAE04EC0-301F-11D3-BF4B-00C04F79EFBC}") = "Pro.Server", "Pro.Server\Pro.Server.csproj", "{14363797-B532-4D77-9B48-CF8614076079}"
EndProject
Project("{FAE04EC0-301F-11D3-BF4B-00C04F79EFBC}") = "Pro.System", "Lib\Pro.System\Pro.System.csproj", "{08EE976C-6767-40D0-9C07-B6C5AFB9DBA1}"
EndProject
Project("{FAE04EC0-301F-11D3-BF4B-00C04F79EFBC}") = "Controller.Agent", "..\Co.Agent\Controller.Agent\Controller.Agent.csproj", "{68B39437-C795-4B1D-938C-CDA5AD79FF07}"
EndProject
Project("{2150E333-8FDC-42A3-9474-1A3956D46DE8}") = "Agent", "Agent", "{5FC1F255-405A-4B34-BF33-D90FB65A696C}"
EndProject
Project("{FAE04EC0-301F-11D3-BF4B-00C04F79EFBC}") = "Controller.Lib", "..\Co.Agent\Controller.Lib\Controller.Lib.csproj", "{EFA331B8-D990-4A1F-AB55-1934831F9D98}"
EndProject
Global
	GlobalSection(SolutionConfigurationPlatforms) = preSolution
		Debug|Any CPU = Debug|Any CPU
		Release|Any CPU = Release|Any CPU
	EndGlobalSection
	GlobalSection(ProjectConfigurationPlatforms) = postSolution
		{B84526D5-435E-4D56-B323-DBFFAFE54940}.Debug|Any CPU.ActiveCfg = Debug|Any CPU
		{B84526D5-435E-4D56-B323-DBFFAFE54940}.Debug|Any CPU.Build.0 = Debug|Any CPU
		{B84526D5-435E-4D56-B323-DBFFAFE54940}.Release|Any CPU.ActiveCfg = Release|Any CPU
		{B84526D5-435E-4D56-B323-DBFFAFE54940}.Release|Any CPU.Build.0 = Release|Any CPU
		{43CF0604-345F-4928-A7F5-5D3DBF80A25C}.Debug|Any CPU.ActiveCfg = Debug|Any CPU
		{43CF0604-345F-4928-A7F5-5D3DBF80A25C}.Debug|Any CPU.Build.0 = Debug|Any CPU
		{43CF0604-345F-4928-A7F5-5D3DBF80A25C}.Release|Any CPU.ActiveCfg = Release|Any CPU
		{43CF0604-345F-4928-A7F5-5D3DBF80A25C}.Release|Any CPU.Build.0 = Release|Any CPU
		{876CABD0-CD03-4C4D-8AE5-2F0DE3AE0C6F}.Debug|Any CPU.ActiveCfg = Debug|Any CPU
		{876CABD0-CD03-4C4D-8AE5-2F0DE3AE0C6F}.Debug|Any CPU.Build.0 = Debug|Any CPU
		{876CABD0-CD03-4C4D-8AE5-2F0DE3AE0C6F}.Release|Any CPU.ActiveCfg = Release|Any CPU
		{876CABD0-CD03-4C4D-8AE5-2F0DE3AE0C6F}.Release|Any CPU.Build.0 = Release|Any CPU
		{A1385B74-DBDB-4DE2-88D4-015AABB15A11}.Debug|Any CPU.ActiveCfg = Debug|Any CPU
		{A1385B74-DBDB-4DE2-88D4-015AABB15A11}.Debug|Any CPU.Build.0 = Debug|Any CPU
		{A1385B74-DBDB-4DE2-88D4-015AABB15A11}.Release|Any CPU.ActiveCfg = Release|Any CPU
		{A1385B74-DBDB-4DE2-88D4-015AABB15A11}.Release|Any CPU.Build.0 = Release|Any CPU
		{14363797-B532-4D77-9B48-CF8614076079}.Debug|Any CPU.ActiveCfg = Debug|Any CPU
		{14363797-B532-4D77-9B48-CF8614076079}.Debug|Any CPU.Build.0 = Debug|Any CPU
		{14363797-B532-4D77-9B48-CF8614076079}.Release|Any CPU.ActiveCfg = Release|Any CPU
		{14363797-B532-4D77-9B48-CF8614076079}.Release|Any CPU.Build.0 = Release|Any CPU
		{08EE976C-6767-40D0-9C07-B6C5AFB9DBA1}.Debug|Any CPU.ActiveCfg = Debug|Any CPU
		{08EE976C-6767-40D0-9C07-B6C5AFB9DBA1}.Debug|Any CPU.Build.0 = Debug|Any CPU
		{08EE976C-6767-40D0-9C07-B6C5AFB9DBA1}.Release|Any CPU.ActiveCfg = Release|Any CPU
		{08EE976C-6767-40D0-9C07-B6C5AFB9DBA1}.Release|Any CPU.Build.0 = Release|Any CPU
		{68B39437-C795-4B1D-938C-CDA5AD79FF07}.Debug|Any CPU.ActiveCfg = Debug|Any CPU
		{68B39437-C795-4B1D-938C-CDA5AD79FF07}.Debug|Any CPU.Build.0 = Debug|Any CPU
		{68B39437-C795-4B1D-938C-CDA5AD79FF07}.Release|Any CPU.ActiveCfg = Release|Any CPU
		{68B39437-C795-4B1D-938C-CDA5AD79FF07}.Release|Any CPU.Build.0 = Release|Any CPU
		{EFA331B8-D990-4A1F-AB55-1934831F9D98}.Debug|Any CPU.ActiveCfg = Debug|Any CPU
		{EFA331B8-D990-4A1F-AB55-1934831F9D98}.Debug|Any CPU.Build.0 = Debug|Any CPU
		{EFA331B8-D990-4A1F-AB55-1934831F9D98}.Release|Any CPU.ActiveCfg = Release|Any CPU
		{EFA331B8-D990-4A1F-AB55-1934831F9D98}.Release|Any CPU.Build.0 = Release|Any CPU
	EndGlobalSection
	GlobalSection(SolutionProperties) = preSolution
		HideSolutionNode = FALSE
	EndGlobalSection
	GlobalSection(NestedProjects) = preSolution
		{14363797-B532-4D77-9B48-CF8614076079} = {5FC1F255-405A-4B34-BF33-D90FB65A696C}
		{68B39437-C795-4B1D-938C-CDA5AD79FF07} = {5FC1F255-405A-4B34-BF33-D90FB65A696C}
		{EFA331B8-D990-4A1F-AB55-1934831F9D98} = {5FC1F255-405A-4B34-BF33-D90FB65A696C}
	EndGlobalSection
EndGlobal
