
Microsoft Visual Studio Solution File, Format Version 12.00
# Visual Studio 2013
VisualStudioVersion = 12.0.21005.1
MinimumVisualStudioVersion = 10.0.40219.1
Project("{2150E333-8FDC-42A3-9474-1A3956D46DE8}") = "Library", "Library", "{43EC3A42-C313-4EAC-874F-6DCFF24EFDDE}"
EndProject
Project("{FAE04EC0-301F-11D3-BF4B-00C04F79EFBC}") = "Pro.Lib", "Lib\Pro.Lib\Pro.Lib.csproj", "{B84526D5-435E-4D56-B323-DBFFAFE54940}"
EndProject
Project("{FAE04EC0-301F-11D3-BF4B-00C04F79EFBC}") = "Pro.Mvc", "Pro.Mvc\Pro.Mvc.csproj", "{43CF0604-345F-4928-A7F5-5D3DBF80A25C}"
EndProject
Project("{FAE04EC0-301F-11D3-BF4B-00C04F79EFBC}") = "Pro.Console", "Lib\Pro.Console\Pro.Console.csproj", "{876CABD0-CD03-4C4D-8AE5-2F0DE3AE0C6F}"
EndProject
Project("{FAE04EC0-301F-11D3-BF4B-00C04F79EFBC}") = "Nistec.Lib", "..\..\..\Nistec\Git_4.0.2.0\Nistec.Lib\Nistec.Lib.csproj", "{54F52ED5-AECD-47C6-93D8-7B3358BA7F8C}"
EndProject
Project("{FAE04EC0-301F-11D3-BF4B-00C04F79EFBC}") = "Nistec.Imex", "..\..\..\Nistec\Git_4.0.2.0\Nistec.Imex\Nistec.Imex.csproj", "{D88A851B-A6D6-4F42-85D4-B1CAF36FDACC}"
EndProject
Project("{FAE04EC0-301F-11D3-BF4B-00C04F79EFBC}") = "Nistec.Web", "..\..\..\Nistec\Git_4.0.2.0\Nistec.Web\Nistec.Web.csproj", "{8C4CFF01-180E-41A1-9234-0C1B1E207AE5}"
EndProject
Project("{FAE04EC0-301F-11D3-BF4B-00C04F79EFBC}") = "Nistec.Logger", "..\..\..\Nistec\Git_4.0.2.0\Nistec.Logger\Nistec.Logger.csproj", "{E510DD2C-859C-476C-9901-60EDFC5E71F1}"
EndProject
Project("{FAE04EC0-301F-11D3-BF4B-00C04F79EFBC}") = "Pro.Uploader", "Pro.Uploader\Pro.Uploader.csproj", "{A1385B74-DBDB-4DE2-88D4-015AABB15A11}"
EndProject
Project("{FAE04EC0-301F-11D3-BF4B-00C04F79EFBC}") = "Pro.Server", "Pro.Server\Pro.Server.csproj", "{14363797-B532-4D77-9B48-CF8614076079}"
EndProject
Project("{FAE04EC0-301F-11D3-BF4B-00C04F79EFBC}") = "Pro.System", "Lib\Pro.System\Pro.System.csproj", "{08EE976C-6767-40D0-9C07-B6C5AFB9DBA1}"
EndProject
Project("{FAE04EC0-301F-11D3-BF4B-00C04F79EFBC}") = "Controller.Agent", "..\Co.Agent\Controller.Agent\Controller.Agent.csproj", "{68B39437-C795-4B1D-938C-CDA5AD79FF07}"
EndProject
Project("{2150E333-8FDC-42A3-9474-1A3956D46DE8}") = "Agent", "Agent", "{5FC1F255-405A-4B34-BF33-D90FB65A696C}"
EndProject
Project("{FAE04EC0-301F-11D3-BF4B-00C04F79EFBC}") = "Controller.Lib", "..\Co.Agent\Controller.Lib\Controller.Lib.csproj", "{EFA331B8-D990-4A1F-AB55-1934831F9D98}"
EndProject
Project("{FAE04EC0-301F-11D3-BF4B-00C04F79EFBC}") = "Nistec.Channels", "..\..\..\Nistec\Git_4.0.2.0\Nistec.Channels\Nistec.Channels\Nistec.Channels.csproj", "{0839A364-A34D-4143-AD4C-AEF4C7B232AC}"
EndProject
Project("{FAE04EC0-301F-11D3-BF4B-00C04F79EFBC}") = "Nistec.Data", "..\..\..\Nistec\Git_4.0.2.0\Nistec.Data\Nistec.Data\Nistec.Data.csproj", "{D5FD6C68-86EA-48BF-8F6D-29CE57419500}"
EndProject
Project("{FAE04EC0-301F-11D3-BF4B-00C04F79EFBC}") = "Nistec.Data.Sqlite", "..\..\..\Nistec\Git_4.0.2.0\Nistec.Data\Nistec.Data.Sqlite\Nistec.Data.Sqlite.csproj", "{2A6D9255-8FE8-4571-B722-027C41853BD9}"
EndProject
Global
	GlobalSection(SolutionConfigurationPlatforms) = preSolution
		Debug|Any CPU = Debug|Any CPU
		Release|Any CPU = Release|Any CPU
	EndGlobalSection
	GlobalSection(ProjectConfigurationPlatforms) = postSolution
		{B84526D5-435E-4D56-B323-DBFFAFE54940}.Debug|Any CPU.ActiveCfg = Debug|Any CPU
		{B84526D5-435E-4D56-B323-DBFFAFE54940}.Debug|Any CPU.Build.0 = Debug|Any CPU
		{B84526D5-435E-4D56-B323-DBFFAFE54940}.Release|Any CPU.ActiveCfg = Release|Any CPU
		{B84526D5-435E-4D56-B323-DBFFAFE54940}.Release|Any CPU.Build.0 = Release|Any CPU
		{43CF0604-345F-4928-A7F5-5D3DBF80A25C}.Debug|Any CPU.ActiveCfg = Debug|Any CPU
		{43CF0604-345F-4928-A7F5-5D3DBF80A25C}.Debug|Any CPU.Build.0 = Debug|Any CPU
		{43CF0604-345F-4928-A7F5-5D3DBF80A25C}.Release|Any CPU.ActiveCfg = Release|Any CPU
		{43CF0604-345F-4928-A7F5-5D3DBF80A25C}.Release|Any CPU.Build.0 = Release|Any CPU
		{876CABD0-CD03-4C4D-8AE5-2F0DE3AE0C6F}.Debug|Any CPU.ActiveCfg = Debug|Any CPU
		{876CABD0-CD03-4C4D-8AE5-2F0DE3AE0C6F}.Debug|Any CPU.Build.0 = Debug|Any CPU
		{876CABD0-CD03-4C4D-8AE5-2F0DE3AE0C6F}.Release|Any CPU.ActiveCfg = Release|Any CPU
		{876CABD0-CD03-4C4D-8AE5-2F0DE3AE0C6F}.Release|Any CPU.Build.0 = Release|Any CPU
		{54F52ED5-AECD-47C6-93D8-7B3358BA7F8C}.Debug|Any CPU.ActiveCfg = Debug|Any CPU
		{54F52ED5-AECD-47C6-93D8-7B3358BA7F8C}.Debug|Any CPU.Build.0 = Debug|Any CPU
		{54F52ED5-AECD-47C6-93D8-7B3358BA7F8C}.Release|Any CPU.ActiveCfg = Release|Any CPU
		{54F52ED5-AECD-47C6-93D8-7B3358BA7F8C}.Release|Any CPU.Build.0 = Release|Any CPU
		{D88A851B-A6D6-4F42-85D4-B1CAF36FDACC}.Debug|Any CPU.ActiveCfg = Debug|Any CPU
		{D88A851B-A6D6-4F42-85D4-B1CAF36FDACC}.Debug|Any CPU.Build.0 = Debug|Any CPU
		{D88A851B-A6D6-4F42-85D4-B1CAF36FDACC}.Release|Any CPU.ActiveCfg = Release|Any CPU
		{D88A851B-A6D6-4F42-85D4-B1CAF36FDACC}.Release|Any CPU.Build.0 = Release|Any CPU
		{8C4CFF01-180E-41A1-9234-0C1B1E207AE5}.Debug|Any CPU.ActiveCfg = Debug|Any CPU
		{8C4CFF01-180E-41A1-9234-0C1B1E207AE5}.Debug|Any CPU.Build.0 = Debug|Any CPU
		{8C4CFF01-180E-41A1-9234-0C1B1E207AE5}.Release|Any CPU.ActiveCfg = Release|Any CPU
		{8C4CFF01-180E-41A1-9234-0C1B1E207AE5}.Release|Any CPU.Build.0 = Release|Any CPU
		{E510DD2C-859C-476C-9901-60EDFC5E71F1}.Debug|Any CPU.ActiveCfg = Debug|Any CPU
		{E510DD2C-859C-476C-9901-60EDFC5E71F1}.Debug|Any CPU.Build.0 = Debug|Any CPU
		{E510DD2C-859C-476C-9901-60EDFC5E71F1}.Release|Any CPU.ActiveCfg = Release|Any CPU
		{E510DD2C-859C-476C-9901-60EDFC5E71F1}.Release|Any CPU.Build.0 = Release|Any CPU
		{A1385B74-DBDB-4DE2-88D4-015AABB15A11}.Debug|Any CPU.ActiveCfg = Debug|Any CPU
		{A1385B74-DBDB-4DE2-88D4-015AABB15A11}.Debug|Any CPU.Build.0 = Debug|Any CPU
		{A1385B74-DBDB-4DE2-88D4-015AABB15A11}.Release|Any CPU.ActiveCfg = Release|Any CPU
		{A1385B74-DBDB-4DE2-88D4-015AABB15A11}.Release|Any CPU.Build.0 = Release|Any CPU
		{14363797-B532-4D77-9B48-CF8614076079}.Debug|Any CPU.ActiveCfg = Debug|Any CPU
		{14363797-B532-4D77-9B48-CF8614076079}.Debug|Any CPU.Build.0 = Debug|Any CPU
		{14363797-B532-4D77-9B48-CF8614076079}.Release|Any CPU.ActiveCfg = Release|Any CPU
		{14363797-B532-4D77-9B48-CF8614076079}.Release|Any CPU.Build.0 = Release|Any CPU
		{08EE976C-6767-40D0-9C07-B6C5AFB9DBA1}.Debug|Any CPU.ActiveCfg = Debug|Any CPU
		{08EE976C-6767-40D0-9C07-B6C5AFB9DBA1}.Debug|Any CPU.Build.0 = Debug|Any CPU
		{08EE976C-6767-40D0-9C07-B6C5AFB9DBA1}.Release|Any CPU.ActiveCfg = Release|Any CPU
		{08EE976C-6767-40D0-9C07-B6C5AFB9DBA1}.Release|Any CPU.Build.0 = Release|Any CPU
		{68B39437-C795-4B1D-938C-CDA5AD79FF07}.Debug|Any CPU.ActiveCfg = Debug|Any CPU
		{68B39437-C795-4B1D-938C-CDA5AD79FF07}.Debug|Any CPU.Build.0 = Debug|Any CPU
		{68B39437-C795-4B1D-938C-CDA5AD79FF07}.Release|Any CPU.ActiveCfg = Release|Any CPU
		{68B39437-C795-4B1D-938C-CDA5AD79FF07}.Release|Any CPU.Build.0 = Release|Any CPU
		{EFA331B8-D990-4A1F-AB55-1934831F9D98}.Debug|Any CPU.ActiveCfg = Debug|Any CPU
		{EFA331B8-D990-4A1F-AB55-1934831F9D98}.Debug|Any CPU.Build.0 = Debug|Any CPU
		{EFA331B8-D990-4A1F-AB55-1934831F9D98}.Release|Any CPU.ActiveCfg = Release|Any CPU
		{EFA331B8-D990-4A1F-AB55-1934831F9D98}.Release|Any CPU.Build.0 = Release|Any CPU
		{0839A364-A34D-4143-AD4C-AEF4C7B232AC}.Debug|Any CPU.ActiveCfg = Debug|Any CPU
		{0839A364-A34D-4143-AD4C-AEF4C7B232AC}.Debug|Any CPU.Build.0 = Debug|Any CPU
		{0839A364-A34D-4143-AD4C-AEF4C7B232AC}.Release|Any CPU.ActiveCfg = Release|Any CPU
		{0839A364-A34D-4143-AD4C-AEF4C7B232AC}.Release|Any CPU.Build.0 = Release|Any CPU
		{D5FD6C68-86EA-48BF-8F6D-29CE57419500}.Debug|Any CPU.ActiveCfg = Debug|Any CPU
		{D5FD6C68-86EA-48BF-8F6D-29CE57419500}.Debug|Any CPU.Build.0 = Debug|Any CPU
		{D5FD6C68-86EA-48BF-8F6D-29CE57419500}.Release|Any CPU.ActiveCfg = Release|Any CPU
		{D5FD6C68-86EA-48BF-8F6D-29CE57419500}.Release|Any CPU.Build.0 = Release|Any CPU
		{2A6D9255-8FE8-4571-B722-027C41853BD9}.Debug|Any CPU.ActiveCfg = Debug|Any CPU
		{2A6D9255-8FE8-4571-B722-027C41853BD9}.Debug|Any CPU.Build.0 = Debug|Any CPU
		{2A6D9255-8FE8-4571-B722-027C41853BD9}.Release|Any CPU.ActiveCfg = Release|Any CPU
		{2A6D9255-8FE8-4571-B722-027C41853BD9}.Release|Any CPU.Build.0 = Release|Any CPU
	EndGlobalSection
	GlobalSection(SolutionProperties) = preSolution
		HideSolutionNode = FALSE
	EndGlobalSection
	GlobalSection(NestedProjects) = preSolution
		{54F52ED5-AECD-47C6-93D8-7B3358BA7F8C} = {43EC3A42-C313-4EAC-874F-6DCFF24EFDDE}
		{D88A851B-A6D6-4F42-85D4-B1CAF36FDACC} = {43EC3A42-C313-4EAC-874F-6DCFF24EFDDE}
		{8C4CFF01-180E-41A1-9234-0C1B1E207AE5} = {43EC3A42-C313-4EAC-874F-6DCFF24EFDDE}
		{E510DD2C-859C-476C-9901-60EDFC5E71F1} = {43EC3A42-C313-4EAC-874F-6DCFF24EFDDE}
		{0839A364-A34D-4143-AD4C-AEF4C7B232AC} = {43EC3A42-C313-4EAC-874F-6DCFF24EFDDE}
		{D5FD6C68-86EA-48BF-8F6D-29CE57419500} = {43EC3A42-C313-4EAC-874F-6DCFF24EFDDE}
		{2A6D9255-8FE8-4571-B722-027C41853BD9} = {43EC3A42-C313-4EAC-874F-6DCFF24EFDDE}
		{68B39437-C795-4B1D-938C-CDA5AD79FF07} = {5FC1F255-405A-4B34-BF33-D90FB65A696C}
		{14363797-B532-4D77-9B48-CF8614076079} = {5FC1F255-405A-4B34-BF33-D90FB65A696C}
		{EFA331B8-D990-4A1F-AB55-1934831F9D98} = {5FC1F255-405A-4B34-BF33-D90FB65A696C}
	EndGlobalSection
EndGlobal
