
Microsoft Visual Studio Solution File, Format Version 12.00
# Visual Studio 15
VisualStudioVersion = 15.0.27428.2043
MinimumVisualStudioVersion = 10.0.40219.1
Project("{FAE04EC0-301F-11D3-BF4B-00C04F79EFBC}") = "Pro.Lib", "Lib\Pro.Lib\Pro.Lib.csproj", "{B84526D5-435E-4D56-B323-DBFFAFE54940}"
EndProject
Project("{FAE04EC0-301F-11D3-BF4B-00C04F79EFBC}") = "Pro.Mvc", "Pro.Mvc\Pro.Mvc.csproj", "{43CF0604-345F-4928-A7F5-5D3DBF80A25C}"
EndProject
Project("{FAE04EC0-301F-11D3-BF4B-00C04F79EFBC}") = "Pro.Console", "Lib\Pro.Console\Pro.Console.csproj", "{876CABD0-CD03-4C4D-8AE5-2F0DE3AE0C6F}"
EndProject
Project("{FAE04EC0-301F-11D3-BF4B-00C04F79EFBC}") = "Pro.System", "Lib\Pro.System\Pro.System.csproj", "{08EE976C-6767-40D0-9C07-B6C5AFB9DBA1}"
EndProject
Project("{2150E333-8FDC-42A3-9474-1A3956D46DE8}") = "Agent", "Agent", "{5FC1F255-405A-4B34-BF33-D90FB65A696C}"
EndProject
Project("{2150E333-8FDC-42A3-9474-1A3956D46DE8}") = "Library", "Library", "{7253D241-AF2F-45E4-9785-7FCD3EBFC484}"
EndProject
Project("{FAE04EC0-301F-11D3-BF4B-00C04F79EFBC}") = "Nistec.Lib", "..\..\..\Nistec\Git_4.0.2.0\Nistec.Lib\Nistec.Lib.csproj", "{54F52ED5-AECD-47C6-93D8-7B3358BA7F8C}"
EndProject
Project("{FAE04EC0-301F-11D3-BF4B-00C04F79EFBC}") = "Nistec.Data", "..\..\..\Nistec\Git_4.0.2.0\Nistec.Data\Nistec.Data\Nistec.Data.csproj", "{D5FD6C68-86EA-48BF-8F6D-29CE57419500}"
EndProject
Project("{FAE04EC0-301F-11D3-BF4B-00C04F79EFBC}") = "Nistec.Logger", "..\..\..\Nistec\Git_4.0.2.0\Nistec.Logger\Nistec.Logger.csproj", "{E510DD2C-859C-476C-9901-60EDFC5E71F1}"
EndProject
Project("{FAE04EC0-301F-11D3-BF4B-00C04F79EFBC}") = "Nistec.Imex", "..\..\..\Nistec\Git_4.0.2.0\Nistec.Imex\Nistec.Imex.csproj", "{D88A851B-A6D6-4F42-85D4-B1CAF36FDACC}"
EndProject
Project("{FAE04EC0-301F-11D3-BF4B-00C04F79EFBC}") = "Nistec.Channels", "..\..\..\Nistec\Git_4.0.2.0\Nistec.Channels\Nistec.Channels\Nistec.Channels.csproj", "{0839A364-A34D-4143-AD4C-AEF4C7B232AC}"
EndProject
Project("{FAE04EC0-301F-11D3-BF4B-00C04F79EFBC}") = "Nistec.Web", "..\..\..\Nistec\Git_4.0.2.0\Nistec.Web\Nistec.Web.csproj", "{8C4CFF01-180E-41A1-9234-0C1B1E207AE5}"
EndProject
Project("{FAE04EC0-301F-11D3-BF4B-00C04F79EFBC}") = "Pro.Server", "Pro.Server\Pro.Server.csproj", "{14363797-B532-4D77-9B48-CF8614076079}"
EndProject
Project("{2150E333-8FDC-42A3-9474-1A3956D46DE8}") = "ProLib", "ProLib", "{47838BA7-F45D-4328-B853-14D29E020FD5}"
EndProject
Project("{FAE04EC0-301F-11D3-BF4B-00C04F79EFBC}") = "Office.Mvc", "Office.Mvc\Office.Mvc.csproj", "{BEC54B85-06C4-465B-8884-52F5D56F5B32}"
EndProject
Project("{FAE04EC0-301F-11D3-BF4B-00C04F79EFBC}") = "Pro.Netcell", "Lib\Pro.Netcell\Pro.Netcell.csproj", "{D47586C0-2543-4DE0-B1B2-129D61ECB006}"
EndProject
Global
	GlobalSection(SolutionConfigurationPlatforms) = preSolution
		Debug|Any CPU = Debug|Any CPU
		Release|Any CPU = Release|Any CPU
	EndGlobalSection
	GlobalSection(ProjectConfigurationPlatforms) = postSolution
		{B84526D5-435E-4D56-B323-DBFFAFE54940}.Debug|Any CPU.ActiveCfg = Debug|Any CPU
		{B84526D5-435E-4D56-B323-DBFFAFE54940}.Debug|Any CPU.Build.0 = Debug|Any CPU
		{B84526D5-435E-4D56-B323-DBFFAFE54940}.Release|Any CPU.ActiveCfg = Release|Any CPU
		{B84526D5-435E-4D56-B323-DBFFAFE54940}.Release|Any CPU.Build.0 = Release|Any CPU
		{43CF0604-345F-4928-A7F5-5D3DBF80A25C}.Debug|Any CPU.ActiveCfg = Debug|Any CPU
		{43CF0604-345F-4928-A7F5-5D3DBF80A25C}.Debug|Any CPU.Build.0 = Debug|Any CPU
		{43CF0604-345F-4928-A7F5-5D3DBF80A25C}.Release|Any CPU.ActiveCfg = Release|Any CPU
		{43CF0604-345F-4928-A7F5-5D3DBF80A25C}.Release|Any CPU.Build.0 = Release|Any CPU
		{876CABD0-CD03-4C4D-8AE5-2F0DE3AE0C6F}.Debug|Any CPU.ActiveCfg = Debug|Any CPU
		{876CABD0-CD03-4C4D-8AE5-2F0DE3AE0C6F}.Debug|Any CPU.Build.0 = Debug|Any CPU
		{876CABD0-CD03-4C4D-8AE5-2F0DE3AE0C6F}.Release|Any CPU.ActiveCfg = Release|Any CPU
		{876CABD0-CD03-4C4D-8AE5-2F0DE3AE0C6F}.Release|Any CPU.Build.0 = Release|Any CPU
		{08EE976C-6767-40D0-9C07-B6C5AFB9DBA1}.Debug|Any CPU.ActiveCfg = Debug|Any CPU
		{08EE976C-6767-40D0-9C07-B6C5AFB9DBA1}.Debug|Any CPU.Build.0 = Debug|Any CPU
		{08EE976C-6767-40D0-9C07-B6C5AFB9DBA1}.Release|Any CPU.ActiveCfg = Release|Any CPU
		{08EE976C-6767-40D0-9C07-B6C5AFB9DBA1}.Release|Any CPU.Build.0 = Release|Any CPU
		{54F52ED5-AECD-47C6-93D8-7B3358BA7F8C}.Debug|Any CPU.ActiveCfg = Debug|Any CPU
		{54F52ED5-AECD-47C6-93D8-7B3358BA7F8C}.Debug|Any CPU.Build.0 = Debug|Any CPU
		{54F52ED5-AECD-47C6-93D8-7B3358BA7F8C}.Release|Any CPU.ActiveCfg = Release|Any CPU
		{54F52ED5-AECD-47C6-93D8-7B3358BA7F8C}.Release|Any CPU.Build.0 = Release|Any CPU
		{D5FD6C68-86EA-48BF-8F6D-29CE57419500}.Debug|Any CPU.ActiveCfg = Debug|Any CPU
		{D5FD6C68-86EA-48BF-8F6D-29CE57419500}.Debug|Any CPU.Build.0 = Debug|Any CPU
		{D5FD6C68-86EA-48BF-8F6D-29CE57419500}.Release|Any CPU.ActiveCfg = Release|Any CPU
		{D5FD6C68-86EA-48BF-8F6D-29CE57419500}.Release|Any CPU.Build.0 = Release|Any CPU
		{E510DD2C-859C-476C-9901-60EDFC5E71F1}.Debug|Any CPU.ActiveCfg = Debug|Any CPU
		{E510DD2C-859C-476C-9901-60EDFC5E71F1}.Debug|Any CPU.Build.0 = Debug|Any CPU
		{E510DD2C-859C-476C-9901-60EDFC5E71F1}.Release|Any CPU.ActiveCfg = Release|Any CPU
		{E510DD2C-859C-476C-9901-60EDFC5E71F1}.Release|Any CPU.Build.0 = Release|Any CPU
		{D88A851B-A6D6-4F42-85D4-B1CAF36FDACC}.Debug|Any CPU.ActiveCfg = Debug|Any CPU
		{D88A851B-A6D6-4F42-85D4-B1CAF36FDACC}.Debug|Any CPU.Build.0 = Debug|Any CPU
		{D88A851B-A6D6-4F42-85D4-B1CAF36FDACC}.Release|Any CPU.ActiveCfg = Release|Any CPU
		{D88A851B-A6D6-4F42-85D4-B1CAF36FDACC}.Release|Any CPU.Build.0 = Release|Any CPU
		{0839A364-A34D-4143-AD4C-AEF4C7B232AC}.Debug|Any CPU.ActiveCfg = Debug|Any CPU
		{0839A364-A34D-4143-AD4C-AEF4C7B232AC}.Debug|Any CPU.Build.0 = Debug|Any CPU
		{0839A364-A34D-4143-AD4C-AEF4C7B232AC}.Release|Any CPU.ActiveCfg = Release|Any CPU
		{0839A364-A34D-4143-AD4C-AEF4C7B232AC}.Release|Any CPU.Build.0 = Release|Any CPU
		{8C4CFF01-180E-41A1-9234-0C1B1E207AE5}.Debug|Any CPU.ActiveCfg = Debug|Any CPU
		{8C4CFF01-180E-41A1-9234-0C1B1E207AE5}.Debug|Any CPU.Build.0 = Debug|Any CPU
		{8C4CFF01-180E-41A1-9234-0C1B1E207AE5}.Release|Any CPU.ActiveCfg = Release|Any CPU
		{8C4CFF01-180E-41A1-9234-0C1B1E207AE5}.Release|Any CPU.Build.0 = Release|Any CPU
		{14363797-B532-4D77-9B48-CF8614076079}.Debug|Any CPU.ActiveCfg = Debug|Any CPU
		{14363797-B532-4D77-9B48-CF8614076079}.Debug|Any CPU.Build.0 = Debug|Any CPU
		{14363797-B532-4D77-9B48-CF8614076079}.Release|Any CPU.ActiveCfg = Release|Any CPU
		{14363797-B532-4D77-9B48-CF8614076079}.Release|Any CPU.Build.0 = Release|Any CPU
		{BEC54B85-06C4-465B-8884-52F5D56F5B32}.Debug|Any CPU.ActiveCfg = Debug|Any CPU
		{BEC54B85-06C4-465B-8884-52F5D56F5B32}.Debug|Any CPU.Build.0 = Debug|Any CPU
		{BEC54B85-06C4-465B-8884-52F5D56F5B32}.Release|Any CPU.ActiveCfg = Release|Any CPU
		{BEC54B85-06C4-465B-8884-52F5D56F5B32}.Release|Any CPU.Build.0 = Release|Any CPU
		{D47586C0-2543-4DE0-B1B2-129D61ECB006}.Debug|Any CPU.ActiveCfg = Debug|Any CPU
		{D47586C0-2543-4DE0-B1B2-129D61ECB006}.Debug|Any CPU.Build.0 = Debug|Any CPU
		{D47586C0-2543-4DE0-B1B2-129D61ECB006}.Release|Any CPU.ActiveCfg = Release|Any CPU
		{D47586C0-2543-4DE0-B1B2-129D61ECB006}.Release|Any CPU.Build.0 = Release|Any CPU
	EndGlobalSection
	GlobalSection(SolutionProperties) = preSolution
		HideSolutionNode = FALSE
	EndGlobalSection
	GlobalSection(NestedProjects) = preSolution
		{B84526D5-435E-4D56-B323-DBFFAFE54940} = {47838BA7-F45D-4328-B853-14D29E020FD5}
		{08EE976C-6767-40D0-9C07-B6C5AFB9DBA1} = {47838BA7-F45D-4328-B853-14D29E020FD5}
		{54F52ED5-AECD-47C6-93D8-7B3358BA7F8C} = {7253D241-AF2F-45E4-9785-7FCD3EBFC484}
		{D5FD6C68-86EA-48BF-8F6D-29CE57419500} = {7253D241-AF2F-45E4-9785-7FCD3EBFC484}
		{E510DD2C-859C-476C-9901-60EDFC5E71F1} = {7253D241-AF2F-45E4-9785-7FCD3EBFC484}
		{D88A851B-A6D6-4F42-85D4-B1CAF36FDACC} = {7253D241-AF2F-45E4-9785-7FCD3EBFC484}
		{0839A364-A34D-4143-AD4C-AEF4C7B232AC} = {7253D241-AF2F-45E4-9785-7FCD3EBFC484}
		{8C4CFF01-180E-41A1-9234-0C1B1E207AE5} = {7253D241-AF2F-45E4-9785-7FCD3EBFC484}
		{14363797-B532-4D77-9B48-CF8614076079} = {5FC1F255-405A-4B34-BF33-D90FB65A696C}
		{D47586C0-2543-4DE0-B1B2-129D61ECB006} = {47838BA7-F45D-4328-B853-14D29E020FD5}
	EndGlobalSection
	GlobalSection(ExtensibilityGlobals) = postSolution
		SolutionGuid = {D5A13451-8663-4248-A05B-CEA95F5E1AAB}
	EndGlobalSection
EndGlobal
